
Microsoft Visual Studio Solution File, Format Version 12.00
# Visual Studio Version 17
VisualStudioVersion = 17.2.32526.322
MinimumVisualStudioVersion = 10.0.40219.1
Project("{FAE04EC0-301F-11D3-BF4B-00C04F79EFBC}") = "api_consume", "api_consume\api_consume.csproj", "{C76012FA-83A1-40C1-8889-61427E655A25}"
EndProject
Global
	GlobalSection(SolutionConfigurationPlatforms) = preSolution
		Debug|Any CPU = Debug|Any CPU
		Release|Any CPU = Release|Any CPU
	EndGlobalSection
	GlobalSection(ProjectConfigurationPlatforms) = postSolution
		{C76012FA-83A1-40C1-8889-61427E655A25}.Debug|Any CPU.ActiveCfg = Debug|Any CPU
		{C76012FA-83A1-40C1-8889-61427E655A25}.Debug|Any CPU.Build.0 = Debug|Any CPU
		{C76012FA-83A1-40C1-8889-61427E655A25}.Release|Any CPU.ActiveCfg = Release|Any CPU
		{C76012FA-83A1-40C1-8889-61427E655A25}.Release|Any CPU.Build.0 = Release|Any CPU
	EndGlobalSection
	GlobalSection(SolutionProperties) = preSolution
		HideSolutionNode = FALSE
	EndGlobalSection
	GlobalSection(ExtensibilityGlobals) = postSolution
		SolutionGuid = {A1645BFA-6E11-49D8-B888-F30A992E1817}
	EndGlobalSection
EndGlobal
